
Microsoft Visual Studio Solution File, Format Version 12.00
# Visual Studio Version 16
VisualStudioVersion = 16.0.29020.237
MinimumVisualStudioVersion = 10.0.40219.1
Project("{8BC9CEB8-8B4A-11D0-8D11-00A0C91BC942}") = "1328A Divisibility Problem", "1328A Divisibility Problem\1328A Divisibility Problem.vcxproj", "{FB6724BF-7C85-46AB-BEBF-882837D45281}"
EndProject
Project("{8BC9CEB8-8B4A-11D0-8D11-00A0C91BC942}") = "1328B K-th Beautiful String", "1328B K-th Beautiful String\1328B K-th Beautiful String.vcxproj", "{40EDDE34-E87A-4B2B-9477-40D76D827C64}"
EndProject
Project("{8BC9CEB8-8B4A-11D0-8D11-00A0C91BC942}") = "1328C Ternary XOR", "1328C Ternary XOR\1328C Ternary XOR.vcxproj", "{0A0E3A97-01E6-4B01-BB09-51C73F51841A}"
EndProject
Global
	GlobalSection(SolutionConfigurationPlatforms) = preSolution
		Debug|x64 = Debug|x64
		Debug|x86 = Debug|x86
		Release|x64 = Release|x64
		Release|x86 = Release|x86
	EndGlobalSection
	GlobalSection(ProjectConfigurationPlatforms) = postSolution
		{FB6724BF-7C85-46AB-BEBF-882837D45281}.Debug|x64.ActiveCfg = Debug|x64
		{FB6724BF-7C85-46AB-BEBF-882837D45281}.Debug|x64.Build.0 = Debug|x64
		{FB6724BF-7C85-46AB-BEBF-882837D45281}.Debug|x86.ActiveCfg = Debug|Win32
		{FB6724BF-7C85-46AB-BEBF-882837D45281}.Debug|x86.Build.0 = Debug|Win32
		{FB6724BF-7C85-46AB-BEBF-882837D45281}.Release|x64.ActiveCfg = Release|x64
		{FB6724BF-7C85-46AB-BEBF-882837D45281}.Release|x64.Build.0 = Release|x64
		{FB6724BF-7C85-46AB-BEBF-882837D45281}.Release|x86.ActiveCfg = Release|Win32
		{FB6724BF-7C85-46AB-BEBF-882837D45281}.Release|x86.Build.0 = Release|Win32
		{40EDDE34-E87A-4B2B-9477-40D76D827C64}.Debug|x64.ActiveCfg = Debug|x64
		{40EDDE34-E87A-4B2B-9477-40D76D827C64}.Debug|x64.Build.0 = Debug|x64
		{40EDDE34-E87A-4B2B-9477-40D76D827C64}.Debug|x86.ActiveCfg = Debug|Win32
		{40EDDE34-E87A-4B2B-9477-40D76D827C64}.Debug|x86.Build.0 = Debug|Win32
		{40EDDE34-E87A-4B2B-9477-40D76D827C64}.Release|x64.ActiveCfg = Release|x64
		{40EDDE34-E87A-4B2B-9477-40D76D827C64}.Release|x64.Build.0 = Release|x64
		{40EDDE34-E87A-4B2B-9477-40D76D827C64}.Release|x86.ActiveCfg = Release|Win32
		{40EDDE34-E87A-4B2B-9477-40D76D827C64}.Release|x86.Build.0 = Release|Win32
		{0A0E3A97-01E6-4B01-BB09-51C73F51841A}.Debug|x64.ActiveCfg = Debug|x64
		{0A0E3A97-01E6-4B01-BB09-51C73F51841A}.Debug|x64.Build.0 = Debug|x64
		{0A0E3A97-01E6-4B01-BB09-51C73F51841A}.Debug|x86.ActiveCfg = Debug|Win32
		{0A0E3A97-01E6-4B01-BB09-51C73F51841A}.Debug|x86.Build.0 = Debug|Win32
		{0A0E3A97-01E6-4B01-BB09-51C73F51841A}.Release|x64.ActiveCfg = Release|x64
		{0A0E3A97-01E6-4B01-BB09-51C73F51841A}.Release|x64.Build.0 = Release|x64
		{0A0E3A97-01E6-4B01-BB09-51C73F51841A}.Release|x86.ActiveCfg = Release|Win32
		{0A0E3A97-01E6-4B01-BB09-51C73F51841A}.Release|x86.Build.0 = Release|Win32
	EndGlobalSection
	GlobalSection(SolutionProperties) = preSolution
		HideSolutionNode = FALSE
	EndGlobalSection
	GlobalSection(ExtensibilityGlobals) = postSolution
		SolutionGuid = {66FA4555-9EDE-4525-9C52-D3D92F5148A5}
	EndGlobalSection
EndGlobal
