
Microsoft Visual Studio Solution File, Format Version 12.00
# Visual Studio Version 16
VisualStudioVersion = 16.0.29020.237
MinimumVisualStudioVersion = 10.0.40219.1
Project("{8BC9CEB8-8B4A-11D0-8D11-00A0C91BC942}") = "1399A Remove Smallest", "1399A Remove Smallest\1399A Remove Smallest.vcxproj", "{69FF9054-5FC9-4CA9-B270-A2F28A9939B2}"
EndProject
Global
	GlobalSection(SolutionConfigurationPlatforms) = preSolution
		Debug|x64 = Debug|x64
		Debug|x86 = Debug|x86
		Release|x64 = Release|x64
		Release|x86 = Release|x86
	EndGlobalSection
	GlobalSection(ProjectConfigurationPlatforms) = postSolution
		{69FF9054-5FC9-4CA9-B270-A2F28A9939B2}.Debug|x64.ActiveCfg = Debug|x64
		{69FF9054-5FC9-4CA9-B270-A2F28A9939B2}.Debug|x64.Build.0 = Debug|x64
		{69FF9054-5FC9-4CA9-B270-A2F28A9939B2}.Debug|x86.ActiveCfg = Debug|Win32
		{69FF9054-5FC9-4CA9-B270-A2F28A9939B2}.Debug|x86.Build.0 = Debug|Win32
		{69FF9054-5FC9-4CA9-B270-A2F28A9939B2}.Release|x64.ActiveCfg = Release|x64
		{69FF9054-5FC9-4CA9-B270-A2F28A9939B2}.Release|x64.Build.0 = Release|x64
		{69FF9054-5FC9-4CA9-B270-A2F28A9939B2}.Release|x86.ActiveCfg = Release|Win32
		{69FF9054-5FC9-4CA9-B270-A2F28A9939B2}.Release|x86.Build.0 = Release|Win32
	EndGlobalSection
	GlobalSection(SolutionProperties) = preSolution
		HideSolutionNode = FALSE
	EndGlobalSection
	GlobalSection(ExtensibilityGlobals) = postSolution
		SolutionGuid = {C23D331A-7822-4FA3-AA0A-C521DA6B6306}
	EndGlobalSection
EndGlobal
